<Solution>
  <Folder Name="/src/">
    <Project Path="src/FieldOps.Api/FieldOps.Api.csproj" />
    <Project Path="src/FieldOps.Modules.Employees/FieldOps.Modules.Employees.csproj" />
    <Project Path="src/FieldOps.Modules.Organizations/FieldOps.Modules.Organizations.csproj" />
  </Folder>
  <Folder Name="/tests/">
    <Project Path="tests/FieldOps.Api.Tests/FieldOps.Api.Tests.csproj" />
  </Folder>
</Solution>
